<?xml version="1.0" encoding="utf-8"?>
<Project ToolsVersion="4.0" xmlns="http://schemas.microsoft.com/developer/msbuild/2003">
  <ItemGroup>
    <ClCompile Include="..\src\WinControls\Grid\BabyGridWrapper.cpp">
      <Filter>Sources</Filter>
    </ClCompile>
    <ClCompile Include="..\src\WinControls\AnsiCharPanel\asciiListView.cpp">
      <Filter>Sources</Filter>
    </ClCompile>
    <ClCompile Include="..\src\ScintillaComponent\AutoCompletion.cpp">
      <Filter>Sources</Filter>
    </ClCompile>
    <ClCompile Include="..\src\WinControls\Grid\BabyGrid.cpp">
      <Filter>Sources</Filter>
    </ClCompile>
    <ClCompile Include="..\src\WinControls\AnsiCharPanel\ansiCharPanel.cpp">
      <Filter>Sources</Filter>
    </ClCompile>
    <ClCompile Include="..\src\WinControls\AboutDlg\AboutDlg.cpp">
      <Filter>Sources</Filter>
    </ClCompile>
    <ClCompile Include="..\src\WinControls\ClipboardHistory\clipboardHistoryPanel.cpp">
      <Filter>Sources</Filter>
    </ClCompile>
    <ClCompile Include="..\src\ScintillaComponent\Buffer.cpp">
      <Filter>Sources</Filter>
    </ClCompile>
    <ClCompile Include="..\src\MISC\sha1\calc_sha1.cpp">
      <Filter>Sources</Filter>
    </ClCompile>
    <ClCompile Include="..\src\WinControls\ColourPicker\ColourPopup.cpp">
      <Filter>Sources</Filter>
    </ClCompile>
    <ClCompile Include="..\src\WinControls\ColourPicker\ColourPicker.cpp">
      <Filter>Sources</Filter>
    </ClCompile>
    <ClCompile Include="..\src\ScintillaComponent\columnEditor.cpp">
      <Filter>Sources</Filter>
    </ClCompile>
    <ClCompile Include="..\src\MISC\Common\Common.cpp">
      <Filter>Sources</Filter>
    </ClCompile>
    <ClCompile Include="..\src\WinControls\ContextMenu\ContextMenu.cpp">
      <Filter>Sources</Filter>
    </ClCompile>
    <ClCompile Include="..\src\WinControls\TabBar\ControlsTab.cpp">
      <Filter>Sources</Filter>
    </ClCompile>
    <ClCompile Include="..\src\WinControls\OpenSaveFileDialog\CustomFileDialog.cpp">
      <Filter>Sources</Filter>
    </ClCompile>
    <ClCompile Include="..\src\WinControls\DockingWnd\DockingCont.cpp">
      <Filter>Sources</Filter>
    </ClCompile>
    <ClCompile Include="..\src\DarkMode\DarkMode.cpp">
      <Filter>Sources</Filter>
    </ClCompile>
    <ClCompile Include="..\src\WinControls\DockingWnd\DockingManager.cpp">
      <Filter>Sources</Filter>
    </ClCompile>
    <ClCompile Include="..\src\WinControls\DockingWnd\DockingSplitter.cpp">
      <Filter>Sources</Filter>
    </ClCompile>
    <ClCompile Include="..\src\ScintillaComponent\DocTabView.cpp">
      <Filter>Sources</Filter>
    </ClCompile>
    <ClCompile Include="..\src\WinControls\DocumentMap\documentMap.cpp">
      <Filter>Sources</Filter>
    </ClCompile>
    <ClCompile Include="..\src\WinControls\DocumentMap\documentSnapshot.cpp">
      <Filter>Sources</Filter>
    </ClCompile>
    <ClCompile Include="..\src\EncodingMapper.cpp">
      <Filter>Sources</Filter>
    </ClCompile>
    <ClCompile Include="..\src\WinControls\FileBrowser\fileBrowser.cpp">
      <Filter>Sources</Filter>
    </ClCompile>
    <ClCompile Include="..\src\MISC\Common\FileInterface.cpp">
      <Filter>Sources</Filter>
    </ClCompile>
    <ClCompile Include="..\src\WinControls\FindCharsInRange\FindCharsInRange.cpp">
      <Filter>Sources</Filter>
    </ClCompile>
    <ClCompile Include="..\src\ScintillaComponent\FindReplaceDlg.cpp">
      <Filter>Sources</Filter>
    </ClCompile>
    <ClCompile Include="..\src\ScintillaComponent\FunctionCallTip.cpp">
      <Filter>Sources</Filter>
    </ClCompile>
    <ClCompile Include="..\src\WinControls\FunctionList\functionListPanel.cpp">
      <Filter>Sources</Filter>
    </ClCompile>
    <ClCompile Include="..\src\WinControls\DockingWnd\Gripper.cpp">
      <Filter>Sources</Filter>
    </ClCompile>
    <ClCompile Include="..\src\ScintillaComponent\GoToLineDlg.cpp">
      <Filter>Sources</Filter>
    </ClCompile>
    <ClCompile Include="..\src\WinControls\FunctionList\functionParser.cpp">
      <Filter>Sources</Filter>
    </ClCompile>
    <ClCompile Include="..\src\lastRecentFileList.cpp">
      <Filter>Sources</Filter>
    </ClCompile>
    <ClCompile Include="..\src\WinControls\ImageListSet\ImageListSet.cpp">
      <Filter>Sources</Filter>
    </ClCompile>
    <ClCompile Include="..\src\WinControls\AnsiCharPanel\ListView.cpp">
      <Filter>Sources</Filter>
    </ClCompile>
    <ClCompile Include="..\src\lesDlgs.cpp">
      <Filter>Sources</Filter>
    </ClCompile>
    <ClCompile Include="..\src\localization.cpp">
      <Filter>Sources</Filter>
    </ClCompile>
    <ClCompile Include="..\src\MISC\md5\md5Dlgs.cpp">
      <Filter>Sources</Filter>
    </ClCompile>
    <ClCompile Include="..\src\MISC\Exception\MiniDumper.cpp">
      <Filter>Sources</Filter>
    </ClCompile>
    <ClCompile Include="..\src\Notepad_plus.cpp">
      <Filter>Sources</Filter>
    </ClCompile>
    <ClCompile Include="..\src\Notepad_plus_Window.cpp">
      <Filter>Sources</Filter>
    </ClCompile>
    <ClCompile Include="..\src\NppBigSwitch.cpp">
      <Filter>Sources</Filter>
    </ClCompile>
    <ClCompile Include="..\src\NppDarkMode.cpp">
      <Filter>Sources</Filter>
    </ClCompile>
    <ClCompile Include="..\src\NppCommands.cpp">
      <Filter>Sources</Filter>
    </ClCompile>
    <ClCompile Include="..\src\NppIO.cpp">
      <Filter>Sources</Filter>
    </ClCompile>
    <ClCompile Include="..\src\NppNotification.cpp">
      <Filter>Sources</Filter>
    </ClCompile>
    <ClCompile Include="..\src\Parameters.cpp">
      <Filter>Sources</Filter>
    </ClCompile>
    <ClCompile Include="..\src\WinControls\PluginsAdmin\pluginsAdmin.cpp">
      <Filter>Sources</Filter>
    </ClCompile>
    <ClCompile Include="..\src\Misc\PluginsManager\PluginsManager.cpp">
      <Filter>Sources</Filter>
    </ClCompile>
    <ClCompile Include="..\src\WinControls\ProjectPanel\ProjectPanel.cpp">
      <Filter>Sources</Filter>
    </ClCompile>
    <ClCompile Include="..\src\MISC\Process\Processus.cpp">
      <Filter>Sources</Filter>
    </ClCompile>
    <ClCompile Include="..\src\ScintillaComponent\Printer.cpp">
      <Filter>Sources</Filter>
    </ClCompile>
    <ClCompile Include="..\src\WinControls\Preference\preferenceDlg.cpp">
      <Filter>Sources</Filter>
    </ClCompile>
    <ClCompile Include="..\src\WinControls\ReadDirectoryChanges\ReadDirectoryChanges.cpp">
      <Filter>Sources</Filter>
    </ClCompile>
    <ClCompile Include="..\src\WinControls\ReadDirectoryChanges\ReadDirectoryChangesPrivate.cpp">
      <Filter>Sources</Filter>
    </ClCompile>
    <ClCompile Include="..\src\WinControls\ReadDirectoryChanges\ReadFileChanges.cpp">
      <Filter>Sources</Filter>
    </ClCompile>
    <ClCompile Include="..\src\MISC\RegExt\regExtDlg.cpp">
      <Filter>Sources</Filter>
    </ClCompile>
    <ClCompile Include="..\src\ScintillaComponent\xmlMatchedTagsHighlighter.cpp">
      <Filter>Sources</Filter>
    </ClCompile>
    <ClCompile Include="..\src\WinControls\ColourPicker\WordStyleDlg.cpp">
      <Filter>Sources</Filter>
    </ClCompile>
    <ClCompile Include="..\src\WinControls\WindowsDlg\WinRect.cpp">
      <Filter>Sources</Filter>
    </ClCompile>
    <ClCompile Include="..\src\WinControls\WindowsDlg\WinMgr.cpp">
      <Filter>Sources</Filter>
    </ClCompile>
    <ClCompile Include="..\src\winmain.cpp">
      <Filter>Sources</Filter>
    </ClCompile>
    <ClCompile Include="..\src\WinControls\WindowsDlg\WindowsDlg.cpp">
      <Filter>Sources</Filter>
    </ClCompile>
    <ClCompile Include="..\src\MISC\Exception\Win32Exception.cpp">
      <Filter>Sources</Filter>
    </ClCompile>
    <ClCompile Include="..\src\WinControls\VerticalFileSwitcher\VerticalFileSwitcherListView.cpp">
      <Filter>Sources</Filter>
    </ClCompile>
    <ClCompile Include="..\src\WinControls\VerticalFileSwitcher\VerticalFileSwitcher.cpp">
      <Filter>Sources</Filter>
    </ClCompile>
    <ClCompile Include="..\src\MISC\Common\verifySignedfile.cpp">
      <Filter>Sources</Filter>
    </ClCompile>
    <ClCompile Include="..\src\Utf8_16.cpp">
      <Filter>Sources</Filter>
    </ClCompile>
    <ClCompile Include="..\src\ScintillaComponent\UserDefineDialog.cpp">
      <Filter>Sources</Filter>
    </ClCompile>
    <ClCompile Include="..\src\WinControls\AboutDlg\URLCtrl.cpp">
      <Filter>Sources</Filter>
    </ClCompile>
    <ClCompile Include="..\src\WinControls\TreeView\TreeView.cpp">
      <Filter>Sources</Filter>
    </ClCompile>
    <ClCompile Include="..\src\WinControls\TrayIcon\trayIconControler.cpp">
      <Filter>Sources</Filter>
    </ClCompile>
    <ClCompile Include="..\src\WinControls\ToolTip\ToolTip.cpp">
      <Filter>Sources</Filter>
    </ClCompile>
    <ClCompile Include="..\src\WinControls\ToolBar\ToolBar.cpp">
      <Filter>Sources</Filter>
    </ClCompile>
    <ClCompile Include="..\src\TinyXml\tinyxmlerror.cpp">
      <Filter>Sources</Filter>
    </ClCompile>
    <ClCompile Include="..\src\TinyXml\tinyxmlparser.cpp">
      <Filter>Sources</Filter>
    </ClCompile>
    <ClCompile Include="..\src\TinyXml\tinyXmlA\tinyxmlerrorA.cpp">
      <Filter>Sources</Filter>
    </ClCompile>
    <ClCompile Include="..\src\TinyXml\tinyXmlA\tinyxmlparserA.cpp">
      <Filter>Sources</Filter>
    </ClCompile>
    <ClCompile Include="..\src\TinyXml\tinyXmlA\tinyxmlA.cpp">
      <Filter>Sources</Filter>
    </ClCompile>
    <ClCompile Include="..\src\TinyXml\tinyxml.cpp">
      <Filter>Sources</Filter>
    </ClCompile>
    <ClCompile Include="..\src\TinyXml\tinyXmlA\tinystrA.cpp">
      <Filter>Sources</Filter>
    </ClCompile>
    <ClCompile Include="..\src\TinyXml\tinystr.cpp">
      <Filter>Sources</Filter>
    </ClCompile>
    <ClCompile Include="..\src\WinControls\TaskList\TaskListDlg.cpp">
      <Filter>Sources</Filter>
    </ClCompile>
    <ClCompile Include="..\src\WinControls\TaskList\TaskList.cpp">
      <Filter>Sources</Filter>
    </ClCompile>
    <ClCompile Include="..\src\WinControls\TabBar\TabBar.cpp">
      <Filter>Sources</Filter>
    </ClCompile>
    <ClCompile Include="..\src\WinControls\StatusBar\StatusBar.cpp">
      <Filter>Sources</Filter>
    </ClCompile>
    <ClCompile Include="..\src\WinControls\StaticDialog\StaticDialog.cpp">
      <Filter>Sources</Filter>
    </ClCompile>
    <ClCompile Include="..\src\WinControls\SplitterContainer\SplitterContainer.cpp">
      <Filter>Sources</Filter>
    </ClCompile>
    <ClCompile Include="..\src\WinControls\SplitterContainer\Splitter.cpp">
      <Filter>Sources</Filter>
    </ClCompile>
    <ClCompile Include="..\src\ScintillaComponent\SmartHighlighter.cpp">
      <Filter>Sources</Filter>
    </ClCompile>
    <ClCompile Include="..\src\WinControls\WindowsDlg\SizeableDlg.cpp">
      <Filter>Sources</Filter>
    </ClCompile>
    <ClCompile Include="..\src\WinControls\Grid\ShortcutMapper.cpp">
      <Filter>Sources</Filter>
    </ClCompile>
    <ClCompile Include="..\src\WinControls\shortcut\shortcut.cpp">
      <Filter>Sources</Filter>
    </ClCompile>
    <ClCompile Include="..\src\MISC\sha2\sha-256.cpp">
      <Filter>Sources</Filter>
    </ClCompile>
    <ClCompile Include="..\src\MISC\sha512\sha512.cpp">
      <Filter>Sources</Filter>
    </ClCompile>
    <ClCompile Include="..\src\MISC\sha1\sha1.cpp">
      <Filter>Sources</Filter>
    </ClCompile>
    <ClCompile Include="..\src\WinControls\shortcut\RunMacroDlg.cpp">
      <Filter>Sources</Filter>
    </ClCompile>
    <ClCompile Include="..\src\WinControls\StaticDialog\RunDlg\RunDlg.cpp">
      <Filter>Sources</Filter>
    </ClCompile>
    <ClCompile Include="..\src\ScintillaComponent\ScintillaCtrls.cpp">
      <Filter>StyleSources</Filter>
    </ClCompile>
    <ClCompile Include="..\src\ScintillaComponent\ScintillaEditView.cpp">
      <Filter>StyleSources</Filter>
    </ClCompile>
  </ItemGroup>
  <ItemGroup>
    <ClInclude Include="..\src\WinControls\AnsiCharPanel\ansiCharPanel.h">
      <Filter>Headers</Filter>
    </ClInclude>
    <ClInclude Include="..\src\WinControls\AboutDlg\AboutDlg.h">
      <Filter>Headers</Filter>
    </ClInclude>
    <ClInclude Include="..\src\WinControls\AnsiCharPanel\ansiCharPanel_rc.h">
      <Filter>Headers</Filter>
    </ClInclude>
    <ClInclude Include="..\src\WinControls\Grid\BabyGrid.h">
      <Filter>Headers</Filter>
    </ClInclude>
    <ClInclude Include="..\src\ScintillaComponent\AutoCompletion.h">
      <Filter>Headers</Filter>
    </ClInclude>
    <ClInclude Include="..\src\WinControls\AnsiCharPanel\asciiListView.h">
      <Filter>Headers</Filter>
    </ClInclude>
    <ClInclude Include="..\src\WinControls\Grid\BabyGridWrapper.h">
      <Filter>Headers</Filter>
    </ClInclude>
    <ClInclude Include="..\src\ScintillaComponent\Buffer.h">
      <Filter>Headers</Filter>
    </ClInclude>
    <ClInclude Include="..\src\MISC\sha1\calc_sha1.h">
      <Filter>Headers</Filter>
    </ClInclude>
    <ClInclude Include="..\src\clipboardFormats.h">
      <Filter>Headers</Filter>
    </ClInclude>
    <ClInclude Include="..\src\WinControls\ClipboardHistory\clipboardHistoryPanel.h">
      <Filter>Headers</Filter>
    </ClInclude>
    <ClInclude Include="..\src\WinControls\ClipboardHistory\clipboardHistoryPanel_rc.h">
      <Filter>Headers</Filter>
    </ClInclude>
    <ClInclude Include="..\src\ScintillaComponent\colors.h">
      <Filter>Headers</Filter>
    </ClInclude>
    <ClInclude Include="..\src\WinControls\ColourPicker\ColourPicker.h">
      <Filter>Headers</Filter>
    </ClInclude>
    <ClInclude Include="..\src\WinControls\ColourPicker\ColourPopup.h">
      <Filter>Headers</Filter>
    </ClInclude>
    <ClInclude Include="..\src\WinControls\ColourPicker\ColourPopupResource.h">
      <Filter>Headers</Filter>
    </ClInclude>
    <ClInclude Include="..\src\ScintillaComponent\columnEditor.h">
      <Filter>Headers</Filter>
    </ClInclude>
    <ClInclude Include="..\src\ScintillaComponent\columnEditor_rc.h">
      <Filter>Headers</Filter>
    </ClInclude>
    <ClInclude Include="..\src\MISC\Common\Common.h">
      <Filter>Headers</Filter>
    </ClInclude>
    <ClInclude Include="..\src\WinControls\ContextMenu\ContextMenu.h">
      <Filter>Headers</Filter>
    </ClInclude>
    <ClInclude Include="..\src\WinControls\TabBar\ControlsTab.h">
      <Filter>Headers</Filter>
    </ClInclude>
    <ClInclude Include="..\src\WinControls\OpenSaveFileDialog\CustomFileDialog.h">
      <Filter>Headers</Filter>
    </ClInclude>
    <ClInclude Include="..\src\DarkMode\DarkMode.h">
      <Filter>Headers</Filter>
    </ClInclude>
    <ClInclude Include="..\src\WinControls\DockingWnd\Docking.h">
      <Filter>Headers</Filter>
    </ClInclude>
    <ClInclude Include="..\src\WinControls\DockingWnd\DockingCont.h">
      <Filter>Headers</Filter>
    </ClInclude>
    <ClInclude Include="..\src\WinControls\DockingWnd\DockingDlgInterface.h">
      <Filter>Headers</Filter>
    </ClInclude>
    <ClInclude Include="..\src\WinControls\DockingWnd\DockingManager.h">
      <Filter>Headers</Filter>
    </ClInclude>
    <ClInclude Include="..\src\WinControls\DockingWnd\dockingResource.h">
      <Filter>Headers</Filter>
    </ClInclude>
    <ClInclude Include="..\src\WinControls\DockingWnd\DockingSplitter.h">
      <Filter>Headers</Filter>
    </ClInclude>
    <ClInclude Include="..\src\ScintillaComponent\DocTabView.h">
      <Filter>Headers</Filter>
    </ClInclude>
    <ClInclude Include="..\src\WinControls\DocumentMap\documentMap.h">
      <Filter>Headers</Filter>
    </ClInclude>
    <ClInclude Include="..\src\WinControls\DocumentMap\documentMap_rc.h">
      <Filter>Headers</Filter>
    </ClInclude>
    <ClInclude Include="..\src\WinControls\DocumentMap\documentSnapshot.h">
      <Filter>Headers</Filter>
    </ClInclude>
    <ClInclude Include="..\src\WinControls\DocumentMap\documentSnapshot_rc.h">
      <Filter>Headers</Filter>
    </ClInclude>
    <ClInclude Include="..\src\dpiManager.h">
      <Filter>Headers</Filter>
    </ClInclude>
    <ClInclude Include="..\src\EncodingMapper.h">
      <Filter>Headers</Filter>
    </ClInclude>
    <ClInclude Include="..\src\WinControls\FileBrowser\fileBrowser.h">
      <Filter>Headers</Filter>
    </ClInclude>
    <ClInclude Include="..\src\WinControls\FileBrowser\fileBrowser_rc.h">
      <Filter>Headers</Filter>
    </ClInclude>
    <ClInclude Include="..\src\MISC\Common\FileInterface.h">
      <Filter>Headers</Filter>
    </ClInclude>
    <ClInclude Include="..\src\MISC\FileNameStringSplitter.h">
      <Filter>Headers</Filter>
    </ClInclude>
    <ClInclude Include="..\src\WinControls\FindCharsInRange\FindCharsInRange.h">
      <Filter>Headers</Filter>
    </ClInclude>
    <ClInclude Include="..\src\WinControls\FindCharsInRange\findCharsInRange_rc.h">
      <Filter>Headers</Filter>
    </ClInclude>
    <ClInclude Include="..\src\ScintillaComponent\FindReplaceDlg.h">
      <Filter>Headers</Filter>
    </ClInclude>
    <ClInclude Include="..\src\ScintillaComponent\FindReplaceDlg_rc.h">
      <Filter>Headers</Filter>
    </ClInclude>
    <ClInclude Include="..\src\ScintillaComponent\FunctionCallTip.h">
      <Filter>Headers</Filter>
    </ClInclude>
    <ClInclude Include="..\src\WinControls\FunctionList\functionListPanel.h">
      <Filter>Headers</Filter>
    </ClInclude>
    <ClInclude Include="..\src\WinControls\FunctionList\functionListPanel_rc.h">
      <Filter>Headers</Filter>
    </ClInclude>
    <ClInclude Include="..\src\WinControls\FunctionList\functionParser.h">
      <Filter>Headers</Filter>
    </ClInclude>
    <ClInclude Include="..\src\ScintillaComponent\GoToLineDlg.h">
      <Filter>Headers</Filter>
    </ClInclude>
    <ClInclude Include="..\src\WinControls\DockingWnd\Gripper.h">
      <Filter>Headers</Filter>
    </ClInclude>
    <ClInclude Include="..\src\DarkMode\IatHook.h">
      <Filter>Headers</Filter>
    </ClInclude>
    <ClInclude Include="..\src\MISC\PluginsManager\IDAllocator.h">
      <Filter>Headers</Filter>
    </ClInclude>
    <ClInclude Include="..\src\WinControls\ImageListSet\ImageListSet.h">
      <Filter>Headers</Filter>
    </ClInclude>
    <ClInclude Include="..\src\keys.h">
      <Filter>Headers</Filter>
    </ClInclude>
    <ClInclude Include="..\src\lastRecentFileList.h">
      <Filter>Headers</Filter>
    </ClInclude>
    <ClInclude Include="..\src\lesDlgs.h">
      <Filter>Headers</Filter>
    </ClInclude>
    <ClInclude Include="..\src\WinControls\AnsiCharPanel\ListView.h">
      <Filter>Headers</Filter>
    </ClInclude>
    <ClInclude Include="..\src\localization.h">
      <Filter>Headers</Filter>
    </ClInclude>
    <ClInclude Include="..\src\localizationString.h">
      <Filter>Headers</Filter>
    </ClInclude>
    <ClInclude Include="..\src\MISC\md5\md5.h">
      <Filter>Headers</Filter>
    </ClInclude>
    <ClInclude Include="..\src\MISC\md5\md5Dlgs.h">
      <Filter>Headers</Filter>
    </ClInclude>
    <ClInclude Include="..\src\MISC\md5\md5Dlgs_rc.h">
      <Filter>Headers</Filter>
    </ClInclude>
    <ClInclude Include="..\src\menuCmdID.h">
      <Filter>Headers</Filter>
    </ClInclude>
    <ClInclude Include="..\src\MISC\Exception\MiniDumper.h">
      <Filter>Headers</Filter>
    </ClInclude>
    <ClInclude Include="..\src\Notepad_plus.h">
      <Filter>Headers</Filter>
    </ClInclude>
    <ClInclude Include="..\src\MISC\PluginsManager\Notepad_plus_msgs.h">
      <Filter>Headers</Filter>
    </ClInclude>
    <ClInclude Include="..\src\Notepad_plus_Window.h">
      <Filter>Headers</Filter>
    </ClInclude>
    <ClInclude Include="..\src\NppDarkMode.h">
      <Filter>Headers</Filter>
    </ClInclude>
    <ClInclude Include="..\src\MISC\PluginsManager\PluginInterface.h">
      <Filter>Headers</Filter>
    </ClInclude>
    <ClInclude Include="..\src\WinControls\PluginsAdmin\pluginsAdmin.h">
      <Filter>Headers</Filter>
    </ClInclude>
    <ClInclude Include="..\src\WinControls\PluginsAdmin\pluginsAdminRes.h">
      <Filter>Headers</Filter>
    </ClInclude>
    <ClInclude Include="..\src\MISC\PluginsManager\PluginsManager.h">
      <Filter>Headers</Filter>
    </ClInclude>
    <ClInclude Include="..\src\WinControls\Preference\preference_rc.h">
      <Filter>Headers</Filter>
    </ClInclude>
    <ClInclude Include="..\src\WinControls\Preference\preferenceDlg.h">
      <Filter>Headers</Filter>
    </ClInclude>
    <ClInclude Include="..\src\ScintillaComponent\Printer.h">
      <Filter>Headers</Filter>
    </ClInclude>
    <ClInclude Include="..\src\MISC\Process\Processus.h">
      <Filter>Headers</Filter>
    </ClInclude>
    <ClInclude Include="..\src\WinControls\ProjectPanel\ProjectPanel.h">
      <Filter>Headers</Filter>
    </ClInclude>
    <ClInclude Include="..\src\WinControls\ProjectPanel\ProjectPanel_rc.h">
      <Filter>Headers</Filter>
    </ClInclude>
    <ClInclude Include="..\src\WinControls\ReadDirectoryChanges\ReadDirectoryChanges.h">
      <Filter>Headers</Filter>
    </ClInclude>
    <ClInclude Include="..\src\WinControls\ReadDirectoryChanges\ReadDirectoryChangesPrivate.h">
      <Filter>Headers</Filter>
    </ClInclude>
    <ClInclude Include="..\src\WinControls\ReadDirectoryChanges\ReadFileChanges.h">
      <Filter>Headers</Filter>
    </ClInclude>
    <ClInclude Include="..\src\MISC\RegExt\regExtDlg.h">
      <Filter>Headers</Filter>
    </ClInclude>
    <ClInclude Include="..\src\MISC\RegExt\regExtDlgRc.h">
      <Filter>Headers</Filter>
    </ClInclude>
    <ClInclude Include="..\src\resource.h">
      <Filter>Headers</Filter>
    </ClInclude>
    <ClInclude Include="..\src\rgba_icons.h">
      <Filter>Headers</Filter>
    </ClInclude>
    <ClInclude Include="..\src\WinControls\StaticDialog\RunDlg\RunDlg.h">
      <Filter>Headers</Filter>
    </ClInclude>
    <ClInclude Include="..\src\WinControls\StaticDialog\RunDlg\RunDlg_rc.h">
      <Filter>Headers</Filter>
    </ClInclude>
    <ClInclude Include="..\src\WinControls\shortcut\RunMacroDlg.h">
      <Filter>Headers</Filter>
    </ClInclude>
    <ClInclude Include="..\src\WinControls\shortcut\RunMacroDlg_rc.h">
      <Filter>Headers</Filter>
    </ClInclude>
    <ClInclude Include="..\src\ScintillaComponent\ScintillaRef.h">
      <Filter>Headers</Filter>
    </ClInclude>
    <ClInclude Include="..\src\MISC\sha1\sha1.h">
      <Filter>Headers</Filter>
    </ClInclude>
    <ClInclude Include="..\src\MISC\sha2\sha-256.h">
      <Filter>Headers</Filter>
    </ClInclude>
    <ClInclude Include="..\src\MISC\sha512\sha512.h">
      <Filter>Headers</Filter>
    </ClInclude>
    <ClInclude Include="..\src\WinControls\shortcut\shortcut.h">
      <Filter>Headers</Filter>
    </ClInclude>
    <ClInclude Include="..\src\WinControls\Grid\ShortcutMapper.h">
      <Filter>Headers</Filter>
    </ClInclude>
    <ClInclude Include="..\src\WinControls\Grid\ShortcutMapper_rc.h">
      <Filter>Headers</Filter>
    </ClInclude>
    <ClInclude Include="..\src\WinControls\shortcut\shortcutRc.h">
      <Filter>Headers</Filter>
    </ClInclude>
    <ClInclude Include="..\src\WinControls\WindowsDlg\SizeableDlg.h">
      <Filter>Headers</Filter>
    </ClInclude>
    <ClInclude Include="..\src\ScintillaComponent\SmartHighlighter.h">
      <Filter>Headers</Filter>
    </ClInclude>
    <ClInclude Include="..\src\MISC\Common\Sorters.h">
      <Filter>Headers</Filter>
    </ClInclude>
    <ClInclude Include="..\src\WinControls\SplitterContainer\Splitter.h">
      <Filter>Headers</Filter>
    </ClInclude>
    <ClInclude Include="..\src\WinControls\SplitterContainer\SplitterContainer.h">
      <Filter>Headers</Filter>
    </ClInclude>
    <ClInclude Include="..\src\WinControls\StaticDialog\StaticDialog.h">
      <Filter>Headers</Filter>
    </ClInclude>
    <ClInclude Include="..\src\WinControls\StatusBar\StatusBar.h">
      <Filter>Headers</Filter>
    </ClInclude>
    <ClInclude Include="..\src\WinControls\TabBar\TabBar.h">
      <Filter>Headers</Filter>
    </ClInclude>
    <ClInclude Include="..\src\WinControls\ReadDirectoryChanges\targetver.h">
      <Filter>Headers</Filter>
    </ClInclude>
    <ClInclude Include="..\src\WinControls\TaskList\TaskList.h">
      <Filter>Headers</Filter>
    </ClInclude>
    <ClInclude Include="..\src\WinControls\TaskList\TaskListDlg.h">
      <Filter>Headers</Filter>
    </ClInclude>
    <ClInclude Include="..\src\WinControls\TaskList\TaskListDlg_rc.h">
      <Filter>Headers</Filter>
    </ClInclude>
    <ClInclude Include="..\src\WinControls\ReadDirectoryChanges\ThreadSafeQueue.h">
      <Filter>Headers</Filter>
    </ClInclude>
    <ClInclude Include="..\src\TinyXml\tinystr.h">
      <Filter>Headers</Filter>
    </ClInclude>
    <ClInclude Include="..\src\TinyXml\tinyXmlA\tinystrA.h">
      <Filter>Headers</Filter>
    </ClInclude>
    <ClInclude Include="..\src\TinyXml\tinyxml.h">
      <Filter>Headers</Filter>
    </ClInclude>
    <ClInclude Include="..\src\TinyXml\tinyXmlA\tinyxmlA.h">
      <Filter>Headers</Filter>
    </ClInclude>
    <ClInclude Include="..\src\WinControls\ToolBar\ToolBar.h">
      <Filter>Headers</Filter>
    </ClInclude>
    <ClInclude Include="..\src\WinControls\ToolTip\ToolTip.h">
      <Filter>Headers</Filter>
    </ClInclude>
    <ClInclude Include="..\src\WinControls\TrayIcon\trayIconControler.h">
      <Filter>Headers</Filter>
    </ClInclude>
    <ClInclude Include="..\src\WinControls\TreeView\TreeView.h">
      <Filter>Headers</Filter>
    </ClInclude>
    <ClInclude Include="..\src\DarkMode\UAHMenuBar.h">
      <Filter>Headers</Filter>
    </ClInclude>
    <ClInclude Include="..\src\WinControls\AboutDlg\URLCtrl.h">
      <Filter>Headers</Filter>
    </ClInclude>
    <ClInclude Include="..\src\ScintillaComponent\UserDefineDialog.h">
      <Filter>Headers</Filter>
    </ClInclude>
    <ClInclude Include="..\src\ScintillaComponent\UserDefineLangReference.h">
      <Filter>Headers</Filter>
    </ClInclude>
    <ClInclude Include="..\src\ScintillaComponent\UserDefineResource.h">
      <Filter>Headers</Filter>
    </ClInclude>
    <ClInclude Include="..\src\Utf8.h">
      <Filter>Headers</Filter>
    </ClInclude>
    <ClInclude Include="..\src\Utf8_16.h">
      <Filter>Headers</Filter>
    </ClInclude>
    <ClInclude Include="..\src\MISC\Common\verifySignedfile.h">
      <Filter>Headers</Filter>
    </ClInclude>
    <ClInclude Include="..\src\WinControls\VerticalFileSwitcher\VerticalFileSwitcher.h">
      <Filter>Headers</Filter>
    </ClInclude>
    <ClInclude Include="..\src\WinControls\VerticalFileSwitcher\VerticalFileSwitcher_rc.h">
      <Filter>Headers</Filter>
    </ClInclude>
    <ClInclude Include="..\src\WinControls\VerticalFileSwitcher\VerticalFileSwitcherListView.h">
      <Filter>Headers</Filter>
    </ClInclude>
    <ClInclude Include="..\src\MISC\Exception\Win32Exception.h">
      <Filter>Headers</Filter>
    </ClInclude>
    <ClInclude Include="..\src\WinControls\Window.h">
      <Filter>Headers</Filter>
    </ClInclude>
    <ClInclude Include="..\src\WinControls\WindowsDlg\WindowsDlg.h">
      <Filter>Headers</Filter>
    </ClInclude>
    <ClInclude Include="..\src\WinControls\WindowsDlg\WindowsDlgRc.h">
      <Filter>Headers</Filter>
    </ClInclude>
    <ClInclude Include="..\src\WinControls\WindowsDlg\WinMgr.h">
      <Filter>Headers</Filter>
    </ClInclude>
    <ClInclude Include="..\src\WinControls\ColourPicker\WordStyleDlg.h">
      <Filter>Headers</Filter>
    </ClInclude>
    <ClInclude Include="..\src\WinControls\ColourPicker\WordStyleDlgRes.h">
      <Filter>Headers</Filter>
    </ClInclude>
    <ClInclude Include="..\src\ScintillaComponent\xmlMatchedTagsHighlighter.h">
      <Filter>Headers</Filter>
    </ClInclude>
    <ClInclude Include="..\src\Parameters.h">
      <Filter>StyleHeaders</Filter>
    </ClInclude>
    <ClInclude Include="..\src\ScintillaComponent\ScintillaCtrls.h">
      <Filter>StyleHeaders</Filter>
    </ClInclude>
    <ClInclude Include="..\src\ScintillaComponent\ScintillaEditView.h">
      <Filter>StyleHeaders</Filter>
    </ClInclude>
  </ItemGroup>
  <ItemGroup>
    <ResourceCompile Include="..\src\WinControls\AnsiCharPanel\ansiCharPanel.rc">
      <Filter>Resources</Filter>
    </ResourceCompile>
    <ResourceCompile Include="..\src\WinControls\ClipboardHistory\clipboardHistoryPanel.rc">
      <Filter>Resources</Filter>
    </ResourceCompile>
    <ResourceCompile Include="..\src\ScintillaComponent\columnEditor.rc">
      <Filter>Resources</Filter>
    </ResourceCompile>
    <ResourceCompile Include="..\src\WinControls\ColourPicker\ColourPopup.rc">
      <Filter>Resources</Filter>
    </ResourceCompile>
    <ResourceCompile Include="..\src\ScintillaComponent\UserDefineDialog.rc">
      <Filter>Resources</Filter>
    </ResourceCompile>
    <ResourceCompile Include="..\src\WinControls\WindowsDlg\WindowsDlg.rc">
      <Filter>Resources</Filter>
    </ResourceCompile>
    <ResourceCompile Include="..\src\WinControls\ColourPicker\WordStyleDlg.rc">
      <Filter>Resources</Filter>
    </ResourceCompile>
    <ResourceCompile Include="..\src\WinControls\VerticalFileSwitcher\VerticalFileSwitcher.rc">
      <Filter>Resources</Filter>
    </ResourceCompile>
    <ResourceCompile Include="..\src\WinControls\TaskList\TaskListDlg.rc">
      <Filter>Resources</Filter>
    </ResourceCompile>
    <ResourceCompile Include="..\src\WinControls\Grid\ShortcutMapper.rc">
      <Filter>Resources</Filter>
    </ResourceCompile>
    <ResourceCompile Include="..\src\WinControls\shortcut\shortcut.rc">
      <Filter>Resources</Filter>
    </ResourceCompile>
    <ResourceCompile Include="..\src\WinControls\shortcut\RunMacroDlg.rc">
      <Filter>Resources</Filter>
    </ResourceCompile>
    <ResourceCompile Include="..\src\MISC\RegExt\regExtDlg.rc">
      <Filter>Resources</Filter>
    </ResourceCompile>
    <ResourceCompile Include="..\src\WinControls\StaticDialog\RunDlg\RunDlg.rc">
      <Filter>Resources</Filter>
    </ResourceCompile>
    <ResourceCompile Include="..\src\WinControls\ProjectPanel\ProjectPanel.rc">
      <Filter>Resources</Filter>
    </ResourceCompile>
    <ResourceCompile Include="..\src\WinControls\Preference\preference.rc">
      <Filter>Resources</Filter>
    </ResourceCompile>
    <ResourceCompile Include="..\src\WinControls\PluginsAdmin\pluginsAdmin.rc">
      <Filter>Resources</Filter>
    </ResourceCompile>
    <ResourceCompile Include="..\src\Notepad_plus.rc">
      <Filter>Resources</Filter>
    </ResourceCompile>
    <ResourceCompile Include="..\src\MISC\md5\md5Dlgs.rc">
      <Filter>Resources</Filter>
    </ResourceCompile>
    <ResourceCompile Include="..\src\WinControls\FunctionList\functionListPanel.rc">
      <Filter>Resources</Filter>
    </ResourceCompile>
    <ResourceCompile Include="..\src\WinControls\FindCharsInRange\findCharsInRange.rc">
      <Filter>Resources</Filter>
    </ResourceCompile>
    <ResourceCompile Include="..\src\ScintillaComponent\FindReplaceDlg.rc">
      <Filter>Resources</Filter>
    </ResourceCompile>
    <ResourceCompile Include="..\src\WinControls\FileBrowser\fileBrowser.rc">
      <Filter>Resources</Filter>
    </ResourceCompile>
    <ResourceCompile Include="..\src\WinControls\DocumentMap\documentSnapshot.rc">
      <Filter>Resources</Filter>
    </ResourceCompile>
    <ResourceCompile Include="..\src\WinControls\DocumentMap\documentMap.rc">
      <Filter>Resources</Filter>
    </ResourceCompile>
    <ResourceCompile Include="..\src\WinControls\DockingWnd\DockingGUIWidget.rc">
      <Filter>Resources</Filter>
    </ResourceCompile>
  </ItemGroup>
  <ItemGroup>
    <Filter Include="Headers">
      <UniqueIdentifier>{21afe746-b4f5-418c-8a18-d886694ba1ad}</UniqueIdentifier>
    </Filter>
    <Filter Include="Resources">
      <UniqueIdentifier>{c72a218c-772e-4f1e-b8ab-29e336a8f40f}</UniqueIdentifier>
    </Filter>
    <Filter Include="StyleHeaders">
      <UniqueIdentifier>{d09601a4-6033-4931-8168-6edf3b4f470c}</UniqueIdentifier>
    </Filter>
    <Filter Include="Sources">
      <UniqueIdentifier>{ec91c657-5971-4122-9eae-8a532059e4b2}</UniqueIdentifier>
    </Filter>
    <Filter Include="StyleSources">
      <UniqueIdentifier>{b4a67b89-718a-4bfd-8304-cd3c25e2be1e}</UniqueIdentifier>
    </Filter>
  </ItemGroup>
  <ItemGroup>
    <Manifest Include="..\src\notepad++.exe.manifest">
      <Filter>Headers</Filter>
    </Manifest>
  </ItemGroup>
</Project>